// !$*UTF8*$!
{
	archiveVersion = 1;
	classes = {
	};
	objectVersion = 50;
	objects = {

/* Begin PBXBuildFile section */
		57C790F72074C93C00AE4261 /* AppDelegate.m in Sources */ = {isa = PBXBuildFile; fileRef = 57C790F62074C93C00AE4261 /* AppDelegate.m */; };
		57C790FA2074C93C00AE4261 /* ViewController.m in Sources */ = {isa = PBXBuildFile; fileRef = 57C790F92074C93C00AE4261 /* ViewController.m */; };
		57C790FD2074C93C00AE4261 /* Main.storyboard in Resources */ = {isa = PBXBuildFile; fileRef = 57C790FB2074C93C00AE4261 /* Main.storyboard */; };
		57C790FF2074C93E00AE4261 /* Assets.xcassets in Resources */ = {isa = PBXBuildFile; fileRef = 57C790FE2074C93E00AE4261 /* Assets.xcassets */; };
		57C791022074C93E00AE4261 /* LaunchScreen.storyboard in Resources */ = {isa = PBXBuildFile; fileRef = 57C791002074C93E00AE4261 /* LaunchScreen.storyboard */; };
		57C791052074C93E00AE4261 /* main.m in Sources */ = {isa = PBXBuildFile; fileRef = 57C791042074C93E00AE4261 /* main.m */; };
		57C7910F2074C93E00AE4261 /* EZAnimationTests.m in Sources */ = {isa = PBXBuildFile; fileRef = 57C7910E2074C93E00AE4261 /* EZAnimationTests.m */; };
		57C7911A2074C93E00AE4261 /* EZAnimationUITests.m in Sources */ = {isa = PBXBuildFile; fileRef = 57C791192074C93E00AE4261 /* EZAnimationUITests.m */; };
		57C7912C2074D28700AE4261 /* EZAnimationManager.m in Sources */ = {isa = PBXBuildFile; fileRef = 57C7912B2074D28700AE4261 /* EZAnimationManager.m */; };
		57C791362074D49600AE4261 /* EZAnimationMaker.m in Sources */ = {isa = PBXBuildFile; fileRef = 57C791352074D49600AE4261 /* EZAnimationMaker.m */; };
		57C791422079B37400AE4261 /* CALayer+Animation.m in Sources */ = {isa = PBXBuildFile; fileRef = 57C791412079B37400AE4261 /* CALayer+Animation.m */; };
		57C791452079C00300AE4261 /* EZAnimationProperty.m in Sources */ = {isa = PBXBuildFile; fileRef = 57C791442079C00300AE4261 /* EZAnimationProperty.m */; };
/* End PBXBuildFile section */

/* Begin PBXContainerItemProxy section */
		57C7910B2074C93E00AE4261 /* PBXContainerItemProxy */ = {
			isa = PBXContainerItemProxy;
			containerPortal = 57C790EA2074C93C00AE4261 /* Project object */;
			proxyType = 1;
			remoteGlobalIDString = 57C790F12074C93C00AE4261;
			remoteInfo = EZAnimation;
		};
		57C791162074C93E00AE4261 /* PBXContainerItemProxy */ = {
			isa = PBXContainerItemProxy;
			containerPortal = 57C790EA2074C93C00AE4261 /* Project object */;
			proxyType = 1;
			remoteGlobalIDString = 57C790F12074C93C00AE4261;
			remoteInfo = EZAnimation;
		};
/* End PBXContainerItemProxy section */

/* Begin PBXFileReference section */
		571784552089E7900029BD89 /* EZAnimationProtocol.h */ = {isa = PBXFileReference; lastKnownFileType = sourcecode.c.h; path = EZAnimationProtocol.h; sourceTree = "<group>"; };
		57C790F22074C93C00AE4261 /* EZAnimation.app */ = {isa = PBXFileReference; explicitFileType = wrapper.application; includeInIndex = 0; path = EZAnimation.app; sourceTree = BUILT_PRODUCTS_DIR; };
		57C790F52074C93C00AE4261 /* AppDelegate.h */ = {isa = PBXFileReference; lastKnownFileType = sourcecode.c.h; path = AppDelegate.h; sourceTree = "<group>"; };
		57C790F62074C93C00AE4261 /* AppDelegate.m */ = {isa = PBXFileReference; lastKnownFileType = sourcecode.c.objc; path = AppDelegate.m; sourceTree = "<group>"; };
		57C790F82074C93C00AE4261 /* ViewController.h */ = {isa = PBXFileReference; lastKnownFileType = sourcecode.c.h; path = ViewController.h; sourceTree = "<group>"; };
		57C790F92074C93C00AE4261 /* ViewController.m */ = {isa = PBXFileReference; lastKnownFileType = sourcecode.c.objc; path = ViewController.m; sourceTree = "<group>"; };
		57C790FC2074C93C00AE4261 /* Base */ = {isa = PBXFileReference; lastKnownFileType = file.storyboard; name = Base; path = Base.lproj/Main.storyboard; sourceTree = "<group>"; };
		57C790FE2074C93E00AE4261 /* Assets.xcassets */ = {isa = PBXFileReference; lastKnownFileType = folder.assetcatalog; path = Assets.xcassets; sourceTree = "<group>"; };
		57C791012074C93E00AE4261 /* Base */ = {isa = PBXFileReference; lastKnownFileType = file.storyboard; name = Base; path = Base.lproj/LaunchScreen.storyboard; sourceTree = "<group>"; };
		57C791032074C93E00AE4261 /* Info.plist */ = {isa = PBXFileReference; lastKnownFileType = text.plist.xml; path = Info.plist; sourceTree = "<group>"; };
		57C791042074C93E00AE4261 /* main.m */ = {isa = PBXFileReference; lastKnownFileType = sourcecode.c.objc; path = main.m; sourceTree = "<group>"; };
		57C7910A2074C93E00AE4261 /* EZAnimationTests.xctest */ = {isa = PBXFileReference; explicitFileType = wrapper.cfbundle; includeInIndex = 0; path = EZAnimationTests.xctest; sourceTree = BUILT_PRODUCTS_DIR; };
		57C7910E2074C93E00AE4261 /* EZAnimationTests.m */ = {isa = PBXFileReference; lastKnownFileType = sourcecode.c.objc; path = EZAnimationTests.m; sourceTree = "<group>"; };
		57C791102074C93E00AE4261 /* Info.plist */ = {isa = PBXFileReference; lastKnownFileType = text.plist.xml; path = Info.plist; sourceTree = "<group>"; };
		57C791152074C93E00AE4261 /* EZAnimationUITests.xctest */ = {isa = PBXFileReference; explicitFileType = wrapper.cfbundle; includeInIndex = 0; path = EZAnimationUITests.xctest; sourceTree = BUILT_PRODUCTS_DIR; };
		57C791192074C93E00AE4261 /* EZAnimationUITests.m */ = {isa = PBXFileReference; lastKnownFileType = sourcecode.c.objc; path = EZAnimationUITests.m; sourceTree = "<group>"; };
		57C7911B2074C93E00AE4261 /* Info.plist */ = {isa = PBXFileReference; lastKnownFileType = text.plist.xml; path = Info.plist; sourceTree = "<group>"; };
		57C7912A2074D28700AE4261 /* EZAnimationManager.h */ = {isa = PBXFileReference; lastKnownFileType = sourcecode.c.h; path = EZAnimationManager.h; sourceTree = "<group>"; };
		57C7912B2074D28700AE4261 /* EZAnimationManager.m */ = {isa = PBXFileReference; lastKnownFileType = sourcecode.c.objc; path = EZAnimationManager.m; sourceTree = "<group>"; };
		57C7912D2074D32600AE4261 /* EZAnimation.h */ = {isa = PBXFileReference; lastKnownFileType = sourcecode.c.h; path = EZAnimation.h; sourceTree = "<group>"; };
		57C791342074D49600AE4261 /* EZAnimationMaker.h */ = {isa = PBXFileReference; lastKnownFileType = sourcecode.c.h; path = EZAnimationMaker.h; sourceTree = "<group>"; };
		57C791352074D49600AE4261 /* EZAnimationMaker.m */ = {isa = PBXFileReference; lastKnownFileType = sourcecode.c.objc; path = EZAnimationMaker.m; sourceTree = "<group>"; };
		57C7913A2074DD7900AE4261 /* EZAnimationHeader.h */ = {isa = PBXFileReference; lastKnownFileType = sourcecode.c.h; path = EZAnimationHeader.h; sourceTree = "<group>"; };
		57C791402079B37400AE4261 /* CALayer+Animation.h */ = {isa = PBXFileReference; lastKnownFileType = sourcecode.c.h; path = "CALayer+Animation.h"; sourceTree = "<group>"; };
		57C791412079B37400AE4261 /* CALayer+Animation.m */ = {isa = PBXFileReference; lastKnownFileType = sourcecode.c.objc; path = "CALayer+Animation.m"; sourceTree = "<group>"; };
		57C791432079C00300AE4261 /* EZAnimationProperty.h */ = {isa = PBXFileReference; lastKnownFileType = sourcecode.c.h; path = EZAnimationProperty.h; sourceTree = "<group>"; };
		57C791442079C00300AE4261 /* EZAnimationProperty.m */ = {isa = PBXFileReference; lastKnownFileType = sourcecode.c.objc; path = EZAnimationProperty.m; sourceTree = "<group>"; };
/* End PBXFileReference section */

/* Begin PBXFrameworksBuildPhase section */
		57C790EF2074C93C00AE4261 /* Frameworks */ = {
			isa = PBXFrameworksBuildPhase;
			buildActionMask = 2147483647;
			files = (
			);
			runOnlyForDeploymentPostprocessing = 0;
		};
		57C791072074C93E00AE4261 /* Frameworks */ = {
			isa = PBXFrameworksBuildPhase;
			buildActionMask = 2147483647;
			files = (
			);
			runOnlyForDeploymentPostprocessing = 0;
		};
		57C791122074C93E00AE4261 /* Frameworks */ = {
			isa = PBXFrameworksBuildPhase;
			buildActionMask = 2147483647;
			files = (
			);
			runOnlyForDeploymentPostprocessing = 0;
		};
/* End PBXFrameworksBuildPhase section */

/* Begin PBXGroup section */
		571784562089E9840029BD89 /* Source */ = {
			isa = PBXGroup;
			children = (
				57C7912D2074D32600AE4261 /* EZAnimation.h */,
				57C791342074D49600AE4261 /* EZAnimationMaker.h */,
				57C791352074D49600AE4261 /* EZAnimationMaker.m */,
				57C7912A2074D28700AE4261 /* EZAnimationManager.h */,
				57C7912B2074D28700AE4261 /* EZAnimationManager.m */,
				57C791402079B37400AE4261 /* CALayer+Animation.h */,
				57C791412079B37400AE4261 /* CALayer+Animation.m */,
				57C791432079C00300AE4261 /* EZAnimationProperty.h */,
				57C791442079C00300AE4261 /* EZAnimationProperty.m */,
				571784552089E7900029BD89 /* EZAnimationProtocol.h */,
				57C7913A2074DD7900AE4261 /* EZAnimationHeader.h */,
			);
			path = Source;
			sourceTree = "<group>";
		};
		57C790E92074C93C00AE4261 = {
			isa = PBXGroup;
			children = (
				571784562089E9840029BD89 /* Source */,
				57C790F42074C93C00AE4261 /* EZAnimation */,
				57C7910D2074C93E00AE4261 /* EZAnimationTests */,
				57C791182074C93E00AE4261 /* EZAnimationUITests */,
				57C790F32074C93C00AE4261 /* Products */,
			);
			sourceTree = "<group>";
		};
		57C790F32074C93C00AE4261 /* Products */ = {
			isa = PBXGroup;
			children = (
				57C790F22074C93C00AE4261 /* EZAnimation.app */,
				57C7910A2074C93E00AE4261 /* EZAnimationTests.xctest */,
				57C791152074C93E00AE4261 /* EZAnimationUITests.xctest */,
			);
			name = Products;
			sourceTree = "<group>";
		};
		57C790F42074C93C00AE4261 /* EZAnimation */ = {
			isa = PBXGroup;
			children = (
				57C790F52074C93C00AE4261 /* AppDelegate.h */,
				57C790F62074C93C00AE4261 /* AppDelegate.m */,
				57C790F82074C93C00AE4261 /* ViewController.h */,
				57C790F92074C93C00AE4261 /* ViewController.m */,
				57C790FB2074C93C00AE4261 /* Main.storyboard */,
				57C790FE2074C93E00AE4261 /* Assets.xcassets */,
				57C791002074C93E00AE4261 /* LaunchScreen.storyboard */,
				57C791032074C93E00AE4261 /* Info.plist */,
				57C791042074C93E00AE4261 /* main.m */,
			);
			path = EZAnimation;
			sourceTree = "<group>";
		};
		57C7910D2074C93E00AE4261 /* EZAnimationTests */ = {
			isa = PBXGroup;
			children = (
				57C7910E2074C93E00AE4261 /* EZAnimationTests.m */,
				57C791102074C93E00AE4261 /* Info.plist */,
			);
			path = EZAnimationTests;
			sourceTree = "<group>";
		};
		57C791182074C93E00AE4261 /* EZAnimationUITests */ = {
			isa = PBXGroup;
			children = (
				57C791192074C93E00AE4261 /* EZAnimationUITests.m */,
				57C7911B2074C93E00AE4261 /* Info.plist */,
			);
			path = EZAnimationUITests;
			sourceTree = "<group>";
		};
/* End PBXGroup section */

/* Begin PBXNativeTarget section */
		57C790F12074C93C00AE4261 /* EZAnimation */ = {
			isa = PBXNativeTarget;
			buildConfigurationList = 57C7911E2074C93E00AE4261 /* Build configuration list for PBXNativeTarget "EZAnimation" */;
			buildPhases = (
				57C790EE2074C93C00AE4261 /* Sources */,
				57C790EF2074C93C00AE4261 /* Frameworks */,
				57C790F02074C93C00AE4261 /* Resources */,
			);
			buildRules = (
			);
			dependencies = (
			);
			name = EZAnimation;
			productName = EZAnimation;
			productReference = 57C790F22074C93C00AE4261 /* EZAnimation.app */;
			productType = "com.apple.product-type.application";
		};
		57C791092074C93E00AE4261 /* EZAnimationTests */ = {
			isa = PBXNativeTarget;
			buildConfigurationList = 57C791212074C93E00AE4261 /* Build configuration list for PBXNativeTarget "EZAnimationTests" */;
			buildPhases = (
				57C791062074C93E00AE4261 /* Sources */,
				57C791072074C93E00AE4261 /* Frameworks */,
				57C791082074C93E00AE4261 /* Resources */,
			);
			buildRules = (
			);
			dependencies = (
				57C7910C2074C93E00AE4261 /* PBXTargetDependency */,
			);
			name = EZAnimationTests;
			productName = EZAnimationTests;
			productReference = 57C7910A2074C93E00AE4261 /* EZAnimationTests.xctest */;
			productType = "com.apple.product-type.bundle.unit-test";
		};
		57C791142074C93E00AE4261 /* EZAnimationUITests */ = {
			isa = PBXNativeTarget;
			buildConfigurationList = 57C791242074C93E00AE4261 /* Build configuration list for PBXNativeTarget "EZAnimationUITests" */;
			buildPhases = (
				57C791112074C93E00AE4261 /* Sources */,
				57C791122074C93E00AE4261 /* Frameworks */,
				57C791132074C93E00AE4261 /* Resources */,
			);
			buildRules = (
			);
			dependencies = (
				57C791172074C93E00AE4261 /* PBXTargetDependency */,
			);
			name = EZAnimationUITests;
			productName = EZAnimationUITests;
			productReference = 57C791152074C93E00AE4261 /* EZAnimationUITests.xctest */;
			productType = "com.apple.product-type.bundle.ui-testing";
		};
/* End PBXNativeTarget section */

/* Begin PBXProject section */
		57C790EA2074C93C00AE4261 /* Project object */ = {
			isa = PBXProject;
			attributes = {
				LastUpgradeCheck = 0930;
				ORGANIZATIONNAME = qmtv;
				TargetAttributes = {
					57C790F12074C93C00AE4261 = {
						CreatedOnToolsVersion = 9.3;
					};
					57C791092074C93E00AE4261 = {
						CreatedOnToolsVersion = 9.3;
						TestTargetID = 57C790F12074C93C00AE4261;
					};
					57C791142074C93E00AE4261 = {
						CreatedOnToolsVersion = 9.3;
						TestTargetID = 57C790F12074C93C00AE4261;
					};
				};
			};
			buildConfigurationList = 57C790ED2074C93C00AE4261 /* Build configuration list for PBXProject "EZAnimation" */;
			compatibilityVersion = "Xcode 9.3";
			developmentRegion = en;
			hasScannedForEncodings = 0;
			knownRegions = (
				en,
				Base,
			);
			mainGroup = 57C790E92074C93C00AE4261;
			productRefGroup = 57C790F32074C93C00AE4261 /* Products */;
			projectDirPath = "";
			projectRoot = "";
			targets = (
				57C790F12074C93C00AE4261 /* EZAnimation */,
				57C791092074C93E00AE4261 /* EZAnimationTests */,
				57C791142074C93E00AE4261 /* EZAnimationUITests */,
			);
		};
/* End PBXProject section */

/* Begin PBXResourcesBuildPhase section */
		57C790F02074C93C00AE4261 /* Resources */ = {
			isa = PBXResourcesBuildPhase;
			buildActionMask = 2147483647;
			files = (
				57C791022074C93E00AE4261 /* LaunchScreen.storyboard in Resources */,
				57C790FF2074C93E00AE4261 /* Assets.xcassets in Resources */,
				57C790FD2074C93C00AE4261 /* Main.storyboard in Resources */,
			);
			runOnlyForDeploymentPostprocessing = 0;
		};
		57C791082074C93E00AE4261 /* Resources */ = {
			isa = PBXResourcesBuildPhase;
			buildActionMask = 2147483647;
			files = (
			);
			runOnlyForDeploymentPostprocessing = 0;
		};
		57C791132074C93E00AE4261 /* Resources */ = {
			isa = PBXResourcesBuildPhase;
			buildActionMask = 2147483647;
			files = (
			);
			runOnlyForDeploymentPostprocessing = 0;
		};
/* End PBXResourcesBuildPhase section */

/* Begin PBXSourcesBuildPhase section */
		57C790EE2074C93C00AE4261 /* Sources */ = {
			isa = PBXSourcesBuildPhase;
			buildActionMask = 2147483647;
			files = (
				57C791422079B37400AE4261 /* CALayer+Animation.m in Sources */,
				57C791362074D49600AE4261 /* EZAnimationMaker.m in Sources */,
				57C791452079C00300AE4261 /* EZAnimationProperty.m in Sources */,
				57C7912C2074D28700AE4261 /* EZAnimationManager.m in Sources */,
				57C790FA2074C93C00AE4261 /* ViewController.m in Sources */,
				57C791052074C93E00AE4261 /* main.m in Sources */,
				57C790F72074C93C00AE4261 /* AppDelegate.m in Sources */,
			);
			runOnlyForDeploymentPostprocessing = 0;
		};
		57C791062074C93E00AE4261 /* Sources */ = {
			isa = PBXSourcesBuildPhase;
			buildActionMask = 2147483647;
			files = (
				57C7910F2074C93E00AE4261 /* EZAnimationTests.m in Sources */,
			);
			runOnlyForDeploymentPostprocessing = 0;
		};
		57C791112074C93E00AE4261 /* Sources */ = {
			isa = PBXSourcesBuildPhase;
			buildActionMask = 2147483647;
			files = (
				57C7911A2074C93E00AE4261 /* EZAnimationUITests.m in Sources */,
			);
			runOnlyForDeploymentPostprocessing = 0;
		};
/* End PBXSourcesBuildPhase section */

/* Begin PBXTargetDependency section */
		57C7910C2074C93E00AE4261 /* PBXTargetDependency */ = {
			isa = PBXTargetDependency;
			target = 57C790F12074C93C00AE4261 /* EZAnimation */;
			targetProxy = 57C7910B2074C93E00AE4261 /* PBXContainerItemProxy */;
		};
		57C791172074C93E00AE4261 /* PBXTargetDependency */ = {
			isa = PBXTargetDependency;
			target = 57C790F12074C93C00AE4261 /* EZAnimation */;
			targetProxy = 57C791162074C93E00AE4261 /* PBXContainerItemProxy */;
		};
/* End PBXTargetDependency section */

/* Begin PBXVariantGroup section */
		57C790FB2074C93C00AE4261 /* Main.storyboard */ = {
			isa = PBXVariantGroup;
			children = (
				57C790FC2074C93C00AE4261 /* Base */,
			);
			name = Main.storyboard;
			sourceTree = "<group>";
		};
		57C791002074C93E00AE4261 /* LaunchScreen.storyboard */ = {
			isa = PBXVariantGroup;
			children = (
				57C791012074C93E00AE4261 /* Base */,
			);
			name = LaunchScreen.storyboard;
			sourceTree = "<group>";
		};
/* End PBXVariantGroup section */

/* Begin XCBuildConfiguration section */
		57C7911C2074C93E00AE4261 /* Debug */ = {
			isa = XCBuildConfiguration;
			buildSettings = {
				ALWAYS_SEARCH_USER_PATHS = NO;
				CLANG_ANALYZER_NONNULL = YES;
				CLANG_ANALYZER_NUMBER_OBJECT_CONVERSION = YES_AGGRESSIVE;
				CLANG_CXX_LANGUAGE_STANDARD = "gnu++14";
				CLANG_CXX_LIBRARY = "libc++";
				CLANG_ENABLE_MODULES = YES;
				CLANG_ENABLE_OBJC_ARC = YES;
				CLANG_ENABLE_OBJC_WEAK = YES;
				CLANG_WARN_BLOCK_CAPTURE_AUTORELEASING = YES;
				CLANG_WARN_BOOL_CONVERSION = YES;
				CLANG_WARN_COMMA = YES;
				CLANG_WARN_CONSTANT_CONVERSION = YES;
				CLANG_WARN_DEPRECATED_OBJC_IMPLEMENTATIONS = YES;
				CLANG_WARN_DIRECT_OBJC_ISA_USAGE = YES_ERROR;
				CLANG_WARN_DOCUMENTATION_COMMENTS = YES;
				CLANG_WARN_EMPTY_BODY = YES;
				CLANG_WARN_ENUM_CONVERSION = YES;
				CLANG_WARN_INFINITE_RECURSION = YES;
				CLANG_WARN_INT_CONVERSION = YES;
				CLANG_WARN_NON_LITERAL_NULL_CONVERSION = YES;
				CLANG_WARN_OBJC_IMPLICIT_RETAIN_SELF = YES;
				CLANG_WARN_OBJC_LITERAL_CONVERSION = YES;
				CLANG_WARN_OBJC_ROOT_CLASS = YES_ERROR;
				CLANG_WARN_RANGE_LOOP_ANALYSIS = YES;
				CLANG_WARN_STRICT_PROTOTYPES = YES;
				CLANG_WARN_SUSPICIOUS_MOVE = YES;
				CLANG_WARN_UNGUARDED_AVAILABILITY = YES_AGGRESSIVE;
				CLANG_WARN_UNREACHABLE_CODE = YES;
				CLANG_WARN__DUPLICATE_METHOD_MATCH = YES;
				CODE_SIGN_IDENTITY = "iPhone Developer";
				COPY_PHASE_STRIP = NO;
				DEBUG_INFORMATION_FORMAT = dwarf;
				ENABLE_STRICT_OBJC_MSGSEND = YES;
				ENABLE_TESTABILITY = YES;
				GCC_C_LANGUAGE_STANDARD = gnu11;
				GCC_DYNAMIC_NO_PIC = NO;
				GCC_NO_COMMON_BLOCKS = YES;
				GCC_OPTIMIZATION_LEVEL = 0;
				GCC_PREPROCESSOR_DEFINITIONS = (
					"DEBUG=1",
					"$(inherited)",
				);
				GCC_WARN_64_TO_32_BIT_CONVERSION = YES;
				GCC_WARN_ABOUT_RETURN_TYPE = YES_ERROR;
				GCC_WARN_UNDECLARED_SELECTOR = YES;
				GCC_WARN_UNINITIALIZED_AUTOS = YES_AGGRESSIVE;
				GCC_WARN_UNUSED_FUNCTION = YES;
				GCC_WARN_UNUSED_VARIABLE = YES;
				IPHONEOS_DEPLOYMENT_TARGET = 11.3;
				MTL_ENABLE_DEBUG_INFO = YES;
				ONLY_ACTIVE_ARCH = YES;
				SDKROOT = iphoneos;
			};
			name = Debug;
		};
		57C7911D2074C93E00AE4261 /* Release */ = {
			isa = XCBuildConfiguration;
			buildSettings = {
				ALWAYS_SEARCH_USER_PATHS = NO;
				CLANG_ANALYZER_NONNULL = YES;
				CLANG_ANALYZER_NUMBER_OBJECT_CONVERSION = YES_AGGRESSIVE;
				CLANG_CXX_LANGUAGE_STANDARD = "gnu++14";
				CLANG_CXX_LIBRARY = "libc++";
				CLANG_ENABLE_MODULES = YES;
				CLANG_ENABLE_OBJC_ARC = YES;
				CLANG_ENABLE_OBJC_WEAK = YES;
				CLANG_WARN_BLOCK_CAPTURE_AUTORELEASING = YES;
				CLANG_WARN_BOOL_CONVERSION = YES;
				CLANG_WARN_COMMA = YES;
				CLANG_WARN_CONSTANT_CONVERSION = YES;
				CLANG_WARN_DEPRECATED_OBJC_IMPLEMENTATIONS = YES;
				CLANG_WARN_DIRECT_OBJC_ISA_USAGE = YES_ERROR;
				CLANG_WARN_DOCUMENTATION_COMMENTS = YES;
				CLANG_WARN_EMPTY_BODY = YES;
				CLANG_WARN_ENUM_CONVERSION = YES;
				CLANG_WARN_INFINITE_RECURSION = YES;
				CLANG_WARN_INT_CONVERSION = YES;
				CLANG_WARN_NON_LITERAL_NULL_CONVERSION = YES;
				CLANG_WARN_OBJC_IMPLICIT_RETAIN_SELF = YES;
				CLANG_WARN_OBJC_LITERAL_CONVERSION = YES;
				CLANG_WARN_OBJC_ROOT_CLASS = YES_ERROR;
				CLANG_WARN_RANGE_LOOP_ANALYSIS = YES;
				CLANG_WARN_STRICT_PROTOTYPES = YES;
				CLANG_WARN_SUSPICIOUS_MOVE = YES;
				CLANG_WARN_UNGUARDED_AVAILABILITY = YES_AGGRESSIVE;
				CLANG_WARN_UNREACHABLE_CODE = YES;
				CLANG_WARN__DUPLICATE_METHOD_MATCH = YES;
				CODE_SIGN_IDENTITY = "iPhone Developer";
				COPY_PHASE_STRIP = NO;
				DEBUG_INFORMATION_FORMAT = "dwarf-with-dsym";
				ENABLE_NS_ASSERTIONS = NO;
				ENABLE_STRICT_OBJC_MSGSEND = YES;
				GCC_C_LANGUAGE_STANDARD = gnu11;
				GCC_NO_COMMON_BLOCKS = YES;
				GCC_WARN_64_TO_32_BIT_CONVERSION = YES;
				GCC_WARN_ABOUT_RETURN_TYPE = YES_ERROR;
				GCC_WARN_UNDECLARED_SELECTOR = YES;
				GCC_WARN_UNINITIALIZED_AUTOS = YES_AGGRESSIVE;
				GCC_WARN_UNUSED_FUNCTION = YES;
				GCC_WARN_UNUSED_VARIABLE = YES;
				IPHONEOS_DEPLOYMENT_TARGET = 11.3;
				MTL_ENABLE_DEBUG_INFO = NO;
				SDKROOT = iphoneos;
				VALIDATE_PRODUCT = YES;
			};
			name = Release;
		};
		57C7911F2074C93E00AE4261 /* Debug */ = {
			isa = XCBuildConfiguration;
			buildSettings = {
				ASSETCATALOG_COMPILER_APPICON_NAME = AppIcon;
				CODE_SIGN_STYLE = Automatic;
				INFOPLIST_FILE = EZAnimation/Info.plist;
				LD_RUNPATH_SEARCH_PATHS = (
					"$(inherited)",
					"@executable_path/Frameworks",
				);
				PRODUCT_BUNDLE_IDENTIFIER = com.qmtv.EZAnimation;
				PRODUCT_NAME = "$(TARGET_NAME)";
				TARGETED_DEVICE_FAMILY = "1,2";
			};
			name = Debug;
		};
		57C791202074C93E00AE4261 /* Release */ = {
			isa = XCBuildConfiguration;
			buildSettings = {
				ASSETCATALOG_COMPILER_APPICON_NAME = AppIcon;
				CODE_SIGN_STYLE = Automatic;
				INFOPLIST_FILE = EZAnimation/Info.plist;
				LD_RUNPATH_SEARCH_PATHS = (
					"$(inherited)",
					"@executable_path/Frameworks",
				);
				PRODUCT_BUNDLE_IDENTIFIER = com.qmtv.EZAnimation;
				PRODUCT_NAME = "$(TARGET_NAME)";
				TARGETED_DEVICE_FAMILY = "1,2";
			};
			name = Release;
		};
		57C791222074C93E00AE4261 /* Debug */ = {
			isa = XCBuildConfiguration;
			buildSettings = {
				BUNDLE_LOADER = "$(TEST_HOST)";
				CODE_SIGN_STYLE = Automatic;
				INFOPLIST_FILE = EZAnimationTests/Info.plist;
				LD_RUNPATH_SEARCH_PATHS = (
					"$(inherited)",
					"@executable_path/Frameworks",
					"@loader_path/Frameworks",
				);
				PRODUCT_BUNDLE_IDENTIFIER = com.qmtv.EZAnimationTests;
				PRODUCT_NAME = "$(TARGET_NAME)";
				TARGETED_DEVICE_FAMILY = "1,2";
				TEST_HOST = "$(BUILT_PRODUCTS_DIR)/EZAnimation.app/EZAnimation";
			};
			name = Debug;
		};
		57C791232074C93E00AE4261 /* Release */ = {
			isa = XCBuildConfiguration;
			buildSettings = {
				BUNDLE_LOADER = "$(TEST_HOST)";
				CODE_SIGN_STYLE = Automatic;
				INFOPLIST_FILE = EZAnimationTests/Info.plist;
				LD_RUNPATH_SEARCH_PATHS = (
					"$(inherited)",
					"@executable_path/Frameworks",
					"@loader_path/Frameworks",
				);
				PRODUCT_BUNDLE_IDENTIFIER = com.qmtv.EZAnimationTests;
				PRODUCT_NAME = "$(TARGET_NAME)";
				TARGETED_DEVICE_FAMILY = "1,2";
				TEST_HOST = "$(BUILT_PRODUCTS_DIR)/EZAnimation.app/EZAnimation";
			};
			name = Release;
		};
		57C791252074C93E00AE4261 /* Debug */ = {
			isa = XCBuildConfiguration;
			buildSettings = {
				CODE_SIGN_STYLE = Automatic;
				INFOPLIST_FILE = EZAnimationUITests/Info.plist;
				LD_RUNPATH_SEARCH_PATHS = (
					"$(inherited)",
					"@executable_path/Frameworks",
					"@loader_path/Frameworks",
				);
				PRODUCT_BUNDLE_IDENTIFIER = com.qmtv.EZAnimationUITests;
				PRODUCT_NAME = "$(TARGET_NAME)";
				TARGETED_DEVICE_FAMILY = "1,2";
				TEST_TARGET_NAME = EZAnimation;
			};
			name = Debug;
		};
		57C791262074C93E00AE4261 /* Release */ = {
			isa = XCBuildConfiguration;
			buildSettings = {
				CODE_SIGN_STYLE = Automatic;
				INFOPLIST_FILE = EZAnimationUITests/Info.plist;
				LD_RUNPATH_SEARCH_PATHS = (
					"$(inherited)",
					"@executable_path/Frameworks",
					"@loader_path/Frameworks",
				);
				PRODUCT_BUNDLE_IDENTIFIER = com.qmtv.EZAnimationUITests;
				PRODUCT_NAME = "$(TARGET_NAME)";
				TARGETED_DEVICE_FAMILY = "1,2";
				TEST_TARGET_NAME = EZAnimation;
			};
			name = Release;
		};
/* End XCBuildConfiguration section */

/* Begin XCConfigurationList section */
		57C790ED2074C93C00AE4261 /* Build configuration list for PBXProject "EZAnimation" */ = {
			isa = XCConfigurationList;
			buildConfigurations = (
				57C7911C2074C93E00AE4261 /* Debug */,
				57C7911D2074C93E00AE4261 /* Release */,
			);
			defaultConfigurationIsVisible = 0;
			defaultConfigurationName = Release;
		};
		57C7911E2074C93E00AE4261 /* Build configuration list for PBXNativeTarget "EZAnimation" */ = {
			isa = XCConfigurationList;
			buildConfigurations = (
				57C7911F2074C93E00AE4261 /* Debug */,
				57C791202074C93E00AE4261 /* Release */,
			);
			defaultConfigurationIsVisible = 0;
			defaultConfigurationName = Release;
		};
		57C791212074C93E00AE4261 /* Build configuration list for PBXNativeTarget "EZAnimationTests" */ = {
			isa = XCConfigurationList;
			buildConfigurations = (
				57C791222074C93E00AE4261 /* Debug */,
				57C791232074C93E00AE4261 /* Release */,
			);
			defaultConfigurationIsVisible = 0;
			defaultConfigurationName = Release;
		};
		57C791242074C93E00AE4261 /* Build configuration list for PBXNativeTarget "EZAnimationUITests" */ = {
			isa = XCConfigurationList;
			buildConfigurations = (
				57C791252074C93E00AE4261 /* Debug */,
				57C791262074C93E00AE4261 /* Release */,
			);
			defaultConfigurationIsVisible = 0;
			defaultConfigurationName = Release;
		};
/* End XCConfigurationList section */
	};
	rootObject = 57C790EA2074C93C00AE4261 /* Project object */;
}
